
Microsoft Visual Studio Solution File, Format Version 12.00
# Visual Studio Version 16
VisualStudioVersion = 16.0.31424.327
MinimumVisualStudioVersion = 10.0.40219.1
Project("{8BC9CEB8-8B4A-11D0-8D11-00A0C91BC942}") = "c语言中你可能不知道的小知识3", "c语言中你可能不知道的小知识3\c语言中你可能不知道的小知识3.vcxproj", "{A42BA4E5-77C9-4BC6-BED4-280E0402A216}"
EndProject
Global
	GlobalSection(SolutionConfigurationPlatforms) = preSolution
		Debug|x64 = Debug|x64
		Debug|x86 = Debug|x86
		Release|x64 = Release|x64
		Release|x86 = Release|x86
	EndGlobalSection
	GlobalSection(ProjectConfigurationPlatforms) = postSolution
		{A42BA4E5-77C9-4BC6-BED4-280E0402A216}.Debug|x64.ActiveCfg = Debug|x64
		{A42BA4E5-77C9-4BC6-BED4-280E0402A216}.Debug|x64.Build.0 = Debug|x64
		{A42BA4E5-77C9-4BC6-BED4-280E0402A216}.Debug|x86.ActiveCfg = Debug|Win32
		{A42BA4E5-77C9-4BC6-BED4-280E0402A216}.Debug|x86.Build.0 = Debug|Win32
		{A42BA4E5-77C9-4BC6-BED4-280E0402A216}.Release|x64.ActiveCfg = Release|x64
		{A42BA4E5-77C9-4BC6-BED4-280E0402A216}.Release|x64.Build.0 = Release|x64
		{A42BA4E5-77C9-4BC6-BED4-280E0402A216}.Release|x86.ActiveCfg = Release|Win32
		{A42BA4E5-77C9-4BC6-BED4-280E0402A216}.Release|x86.Build.0 = Release|Win32
	EndGlobalSection
	GlobalSection(SolutionProperties) = preSolution
		HideSolutionNode = FALSE
	EndGlobalSection
	GlobalSection(ExtensibilityGlobals) = postSolution
		SolutionGuid = {59C95996-4661-4665-AE34-D93F0840A568}
	EndGlobalSection
EndGlobal
